
Microsoft Visual Studio Solution File, Format Version 12.00
# Visual Studio Version 17
VisualStudioVersion = 17.9.34728.123
MinimumVisualStudioVersion = 10.0.40219.1
Project("{FAE04EC0-301F-11D3-BF4B-00C04F79EFBC}") = "AudioFixer", "AudioFixer.csproj", "{D3951528-DCE7-41D0-A993-B5B3B1C9551F}"
EndProject
Global
	GlobalSection(SolutionConfigurationPlatforms) = preSolution
		Debug|Any CPU = Debug|Any CPU
		Release|Any CPU = Release|Any CPU
	EndGlobalSection
	GlobalSection(ProjectConfigurationPlatforms) = postSolution
		{D3951528-DCE7-41D0-A993-B5B3B1C9551F}.Debug|Any CPU.ActiveCfg = Debug|Any CPU
		{D3951528-DCE7-41D0-A993-B5B3B1C9551F}.Debug|Any CPU.Build.0 = Debug|Any CPU
		{D3951528-DCE7-41D0-A993-B5B3B1C9551F}.Release|Any CPU.ActiveCfg = Release|Any CPU
		{D3951528-DCE7-41D0-A993-B5B3B1C9551F}.Release|Any CPU.Build.0 = Release|Any CPU
	EndGlobalSection
	GlobalSection(SolutionProperties) = preSolution
		HideSolutionNode = FALSE
	EndGlobalSection
	GlobalSection(ExtensibilityGlobals) = postSolution
		SolutionGuid = {042178C4-8192-490B-8DDE-7E12BB5B5F68}
	EndGlobalSection
EndGlobal
